
Microsoft Visual Studio Solution File, Format Version 12.00
# Visual Studio Version 16
VisualStudioVersion = 16.0.29209.62
MinimumVisualStudioVersion = 10.0.40219.1
Project("{FAE04EC0-301F-11D3-BF4B-00C04F79EFBC}") = "GAP.Test.Front", "GAP.Test.Front\GAP.Test.Front.csproj", "{9501FE3F-61AA-4513-B79C-0D87460DEB2E}"
EndProject
Global
	GlobalSection(SolutionConfigurationPlatforms) = preSolution
		Debug|Any CPU = Debug|Any CPU
		Release|Any CPU = Release|Any CPU
	EndGlobalSection
	GlobalSection(ProjectConfigurationPlatforms) = postSolution
		{9501FE3F-61AA-4513-B79C-0D87460DEB2E}.Debug|Any CPU.ActiveCfg = Debug|Any CPU
		{9501FE3F-61AA-4513-B79C-0D87460DEB2E}.Debug|Any CPU.Build.0 = Debug|Any CPU
		{9501FE3F-61AA-4513-B79C-0D87460DEB2E}.Release|Any CPU.ActiveCfg = Release|Any CPU
		{9501FE3F-61AA-4513-B79C-0D87460DEB2E}.Release|Any CPU.Build.0 = Release|Any CPU
	EndGlobalSection
	GlobalSection(SolutionProperties) = preSolution
		HideSolutionNode = FALSE
	EndGlobalSection
	GlobalSection(ExtensibilityGlobals) = postSolution
		SolutionGuid = {B65704D3-258F-4D9C-8527-598E6FD7B699}
	EndGlobalSection
EndGlobal
